
Microsoft Visual Studio Solution File, Format Version 12.00
# Visual Studio Version 17
VisualStudioVersion = 17.4.33213.308
MinimumVisualStudioVersion = 10.0.40219.1
Project("{54435603-DBB4-11D2-8724-00A0C9A8B90C}") = "Send To Media Library", "Send To Media Library.vdproj", "{CB0B8CB9-E109-4272-A554-C3768C0B6440}"
EndProject
Global
	GlobalSection(SolutionConfigurationPlatforms) = preSolution
		Debug|Default = Debug|Default
		Release|Default = Release|Default
	EndGlobalSection
	GlobalSection(ProjectConfigurationPlatforms) = postSolution
		{CB0B8CB9-E109-4272-A554-C3768C0B6440}.Debug|Default.ActiveCfg = Debug
		{CB0B8CB9-E109-4272-A554-C3768C0B6440}.Debug|Default.Build.0 = Debug
		{CB0B8CB9-E109-4272-A554-C3768C0B6440}.Release|Default.ActiveCfg = Release
		{CB0B8CB9-E109-4272-A554-C3768C0B6440}.Release|Default.Build.0 = Release
	EndGlobalSection
	GlobalSection(SolutionProperties) = preSolution
		HideSolutionNode = FALSE
	EndGlobalSection
	GlobalSection(ExtensibilityGlobals) = postSolution
		SolutionGuid = {DEDFDB2C-D332-4FEB-BEEA-3BD32C3E46B9}
	EndGlobalSection
EndGlobal
